// !$*UTF8*$!
{
	archiveVersion = 1;
	classes = {
	};
	objectVersion = 50;
	objects = {

/* Begin PBXBuildFile section */
		7A7FF9D826519E8900099DD8 /* State_Driven_NavigationApp.swift in Sources */ = {isa = PBXBuildFile; fileRef = 7A7FF9D726519E8900099DD8 /* State_Driven_NavigationApp.swift */; };
		7A7FF9DA26519E8900099DD8 /* ContentView.swift in Sources */ = {isa = PBXBuildFile; fileRef = 7A7FF9D926519E8900099DD8 /* ContentView.swift */; };
		7A7FF9DC26519E9000099DD8 /* Assets.xcassets in Resources */ = {isa = PBXBuildFile; fileRef = 7A7FF9DB26519E9000099DD8 /* Assets.xcassets */; };
		7A7FF9DF26519E9000099DD8 /* Preview Assets.xcassets in Resources */ = {isa = PBXBuildFile; fileRef = 7A7FF9DE26519E9000099DD8 /* Preview Assets.xcassets */; };
		7A7FF9EA26519E9000099DD8 /* State_Driven_NavigationTests.swift in Sources */ = {isa = PBXBuildFile; fileRef = 7A7FF9E926519E9000099DD8 /* State_Driven_NavigationTests.swift */; };
		7A7FF9F526519E9000099DD8 /* State_Driven_NavigationUITests.swift in Sources */ = {isa = PBXBuildFile; fileRef = 7A7FF9F426519E9000099DD8 /* State_Driven_NavigationUITests.swift */; };
		7A7FFA0526519F3B00099DD8 /* FirstTabView.swift in Sources */ = {isa = PBXBuildFile; fileRef = 7A7FFA0426519F3B00099DD8 /* FirstTabView.swift */; };
		7A7FFA0726519F4400099DD8 /* SecondTabView.swift in Sources */ = {isa = PBXBuildFile; fileRef = 7A7FFA0626519F4400099DD8 /* SecondTabView.swift */; };
		7A7FFA0926519FD600099DD8 /* FirstTabDetailView.swift in Sources */ = {isa = PBXBuildFile; fileRef = 7A7FFA0826519FD600099DD8 /* FirstTabDetailView.swift */; };
		7A7FFA0B2651A0CF00099DD8 /* EmojiView.swift in Sources */ = {isa = PBXBuildFile; fileRef = 7A7FFA0A2651A0CF00099DD8 /* EmojiView.swift */; };
		7A7FFA0D2652423100099DD8 /* StateManager.swift in Sources */ = {isa = PBXBuildFile; fileRef = 7A7FFA0C2652423100099DD8 /* StateManager.swift */; };
/* End PBXBuildFile section */

/* Begin PBXContainerItemProxy section */
		7A7FF9E626519E9000099DD8 /* PBXContainerItemProxy */ = {
			isa = PBXContainerItemProxy;
			containerPortal = 7A7FF9CC26519E8900099DD8 /* Project object */;
			proxyType = 1;
			remoteGlobalIDString = 7A7FF9D326519E8900099DD8;
			remoteInfo = "State-Driven-Navigation";
		};
		7A7FF9F126519E9000099DD8 /* PBXContainerItemProxy */ = {
			isa = PBXContainerItemProxy;
			containerPortal = 7A7FF9CC26519E8900099DD8 /* Project object */;
			proxyType = 1;
			remoteGlobalIDString = 7A7FF9D326519E8900099DD8;
			remoteInfo = "State-Driven-Navigation";
		};
/* End PBXContainerItemProxy section */

/* Begin PBXFileReference section */
		7A7FF9D426519E8900099DD8 /* State-Driven-Navigation.app */ = {isa = PBXFileReference; explicitFileType = wrapper.application; includeInIndex = 0; path = "State-Driven-Navigation.app"; sourceTree = BUILT_PRODUCTS_DIR; };
		7A7FF9D726519E8900099DD8 /* State_Driven_NavigationApp.swift */ = {isa = PBXFileReference; lastKnownFileType = sourcecode.swift; path = State_Driven_NavigationApp.swift; sourceTree = "<group>"; };
		7A7FF9D926519E8900099DD8 /* ContentView.swift */ = {isa = PBXFileReference; lastKnownFileType = sourcecode.swift; path = ContentView.swift; sourceTree = "<group>"; };
		7A7FF9DB26519E9000099DD8 /* Assets.xcassets */ = {isa = PBXFileReference; lastKnownFileType = folder.assetcatalog; path = Assets.xcassets; sourceTree = "<group>"; };
		7A7FF9DE26519E9000099DD8 /* Preview Assets.xcassets */ = {isa = PBXFileReference; lastKnownFileType = folder.assetcatalog; path = "Preview Assets.xcassets"; sourceTree = "<group>"; };
		7A7FF9E026519E9000099DD8 /* Info.plist */ = {isa = PBXFileReference; lastKnownFileType = text.plist.xml; path = Info.plist; sourceTree = "<group>"; };
		7A7FF9E526519E9000099DD8 /* State-Driven-NavigationTests.xctest */ = {isa = PBXFileReference; explicitFileType = wrapper.cfbundle; includeInIndex = 0; path = "State-Driven-NavigationTests.xctest"; sourceTree = BUILT_PRODUCTS_DIR; };
		7A7FF9E926519E9000099DD8 /* State_Driven_NavigationTests.swift */ = {isa = PBXFileReference; lastKnownFileType = sourcecode.swift; path = State_Driven_NavigationTests.swift; sourceTree = "<group>"; };
		7A7FF9EB26519E9000099DD8 /* Info.plist */ = {isa = PBXFileReference; lastKnownFileType = text.plist.xml; path = Info.plist; sourceTree = "<group>"; };
		7A7FF9F026519E9000099DD8 /* State-Driven-NavigationUITests.xctest */ = {isa = PBXFileReference; explicitFileType = wrapper.cfbundle; includeInIndex = 0; path = "State-Driven-NavigationUITests.xctest"; sourceTree = BUILT_PRODUCTS_DIR; };
		7A7FF9F426519E9000099DD8 /* State_Driven_NavigationUITests.swift */ = {isa = PBXFileReference; lastKnownFileType = sourcecode.swift; path = State_Driven_NavigationUITests.swift; sourceTree = "<group>"; };
		7A7FF9F626519E9000099DD8 /* Info.plist */ = {isa = PBXFileReference; lastKnownFileType = text.plist.xml; path = Info.plist; sourceTree = "<group>"; };
		7A7FFA0426519F3B00099DD8 /* FirstTabView.swift */ = {isa = PBXFileReference; lastKnownFileType = sourcecode.swift; path = FirstTabView.swift; sourceTree = "<group>"; };
		7A7FFA0626519F4400099DD8 /* SecondTabView.swift */ = {isa = PBXFileReference; lastKnownFileType = sourcecode.swift; path = SecondTabView.swift; sourceTree = "<group>"; };
		7A7FFA0826519FD600099DD8 /* FirstTabDetailView.swift */ = {isa = PBXFileReference; lastKnownFileType = sourcecode.swift; path = FirstTabDetailView.swift; sourceTree = "<group>"; };
		7A7FFA0A2651A0CF00099DD8 /* EmojiView.swift */ = {isa = PBXFileReference; lastKnownFileType = sourcecode.swift; path = EmojiView.swift; sourceTree = "<group>"; };
		7A7FFA0C2652423100099DD8 /* StateManager.swift */ = {isa = PBXFileReference; lastKnownFileType = sourcecode.swift; path = StateManager.swift; sourceTree = "<group>"; };
/* End PBXFileReference section */

/* Begin PBXFrameworksBuildPhase section */
		7A7FF9D126519E8900099DD8 /* Frameworks */ = {
			isa = PBXFrameworksBuildPhase;
			buildActionMask = 2147483647;
			files = (
			);
			runOnlyForDeploymentPostprocessing = 0;
		};
		7A7FF9E226519E9000099DD8 /* Frameworks */ = {
			isa = PBXFrameworksBuildPhase;
			buildActionMask = 2147483647;
			files = (
			);
			runOnlyForDeploymentPostprocessing = 0;
		};
		7A7FF9ED26519E9000099DD8 /* Frameworks */ = {
			isa = PBXFrameworksBuildPhase;
			buildActionMask = 2147483647;
			files = (
			);
			runOnlyForDeploymentPostprocessing = 0;
		};
/* End PBXFrameworksBuildPhase section */

/* Begin PBXGroup section */
		7A7FF9CB26519E8900099DD8 = {
			isa = PBXGroup;
			children = (
				7A7FF9D626519E8900099DD8 /* State-Driven-Navigation */,
				7A7FF9E826519E9000099DD8 /* State-Driven-NavigationTests */,
				7A7FF9F326519E9000099DD8 /* State-Driven-NavigationUITests */,
				7A7FF9D526519E8900099DD8 /* Products */,
			);
			sourceTree = "<group>";
		};
		7A7FF9D526519E8900099DD8 /* Products */ = {
			isa = PBXGroup;
			children = (
				7A7FF9D426519E8900099DD8 /* State-Driven-Navigation.app */,
				7A7FF9E526519E9000099DD8 /* State-Driven-NavigationTests.xctest */,
				7A7FF9F026519E9000099DD8 /* State-Driven-NavigationUITests.xctest */,
			);
			name = Products;
			sourceTree = "<group>";
		};
		7A7FF9D626519E8900099DD8 /* State-Driven-Navigation */ = {
			isa = PBXGroup;
			children = (
				7A7FFA0326519F2B00099DD8 /* Second Tab */,
				7A7FFA0226519F2000099DD8 /* First Tab */,
				7A7FF9D726519E8900099DD8 /* State_Driven_NavigationApp.swift */,
				7A7FF9D926519E8900099DD8 /* ContentView.swift */,
				7A7FFA0C2652423100099DD8 /* StateManager.swift */,
				7A7FF9DB26519E9000099DD8 /* Assets.xcassets */,
				7A7FF9E026519E9000099DD8 /* Info.plist */,
				7A7FF9DD26519E9000099DD8 /* Preview Content */,
			);
			path = "State-Driven-Navigation";
			sourceTree = "<group>";
		};
		7A7FF9DD26519E9000099DD8 /* Preview Content */ = {
			isa = PBXGroup;
			children = (
				7A7FF9DE26519E9000099DD8 /* Preview Assets.xcassets */,
			);
			path = "Preview Content";
			sourceTree = "<group>";
		};
		7A7FF9E826519E9000099DD8 /* State-Driven-NavigationTests */ = {
			isa = PBXGroup;
			children = (
				7A7FF9E926519E9000099DD8 /* State_Driven_NavigationTests.swift */,
				7A7FF9EB26519E9000099DD8 /* Info.plist */,
			);
			path = "State-Driven-NavigationTests";
			sourceTree = "<group>";
		};
		7A7FF9F326519E9000099DD8 /* State-Driven-NavigationUITests */ = {
			isa = PBXGroup;
			children = (
				7A7FF9F426519E9000099DD8 /* State_Driven_NavigationUITests.swift */,
				7A7FF9F626519E9000099DD8 /* Info.plist */,
			);
			path = "State-Driven-NavigationUITests";
			sourceTree = "<group>";
		};
		7A7FFA0226519F2000099DD8 /* First Tab */ = {
			isa = PBXGroup;
			children = (
				7A7FFA0426519F3B00099DD8 /* FirstTabView.swift */,
				7A7FFA0826519FD600099DD8 /* FirstTabDetailView.swift */,
				7A7FFA0A2651A0CF00099DD8 /* EmojiView.swift */,
			);
			path = "First Tab";
			sourceTree = "<group>";
		};
		7A7FFA0326519F2B00099DD8 /* Second Tab */ = {
			isa = PBXGroup;
			children = (
				7A7FFA0626519F4400099DD8 /* SecondTabView.swift */,
			);
			path = "Second Tab";
			sourceTree = "<group>";
		};
/* End PBXGroup section */

/* Begin PBXNativeTarget section */
		7A7FF9D326519E8900099DD8 /* State-Driven-Navigation */ = {
			isa = PBXNativeTarget;
			buildConfigurationList = 7A7FF9F926519E9000099DD8 /* Build configuration list for PBXNativeTarget "State-Driven-Navigation" */;
			buildPhases = (
				7A7FF9D026519E8900099DD8 /* Sources */,
				7A7FF9D126519E8900099DD8 /* Frameworks */,
				7A7FF9D226519E8900099DD8 /* Resources */,
			);
			buildRules = (
			);
			dependencies = (
			);
			name = "State-Driven-Navigation";
			productName = "State-Driven-Navigation";
			productReference = 7A7FF9D426519E8900099DD8 /* State-Driven-Navigation.app */;
			productType = "com.apple.product-type.application";
		};
		7A7FF9E426519E9000099DD8 /* State-Driven-NavigationTests */ = {
			isa = PBXNativeTarget;
			buildConfigurationList = 7A7FF9FC26519E9000099DD8 /* Build configuration list for PBXNativeTarget "State-Driven-NavigationTests" */;
			buildPhases = (
				7A7FF9E126519E9000099DD8 /* Sources */,
				7A7FF9E226519E9000099DD8 /* Frameworks */,
				7A7FF9E326519E9000099DD8 /* Resources */,
			);
			buildRules = (
			);
			dependencies = (
				7A7FF9E726519E9000099DD8 /* PBXTargetDependency */,
			);
			name = "State-Driven-NavigationTests";
			productName = "State-Driven-NavigationTests";
			productReference = 7A7FF9E526519E9000099DD8 /* State-Driven-NavigationTests.xctest */;
			productType = "com.apple.product-type.bundle.unit-test";
		};
		7A7FF9EF26519E9000099DD8 /* State-Driven-NavigationUITests */ = {
			isa = PBXNativeTarget;
			buildConfigurationList = 7A7FF9FF26519E9000099DD8 /* Build configuration list for PBXNativeTarget "State-Driven-NavigationUITests" */;
			buildPhases = (
				7A7FF9EC26519E9000099DD8 /* Sources */,
				7A7FF9ED26519E9000099DD8 /* Frameworks */,
				7A7FF9EE26519E9000099DD8 /* Resources */,
			);
			buildRules = (
			);
			dependencies = (
				7A7FF9F226519E9000099DD8 /* PBXTargetDependency */,
			);
			name = "State-Driven-NavigationUITests";
			productName = "State-Driven-NavigationUITests";
			productReference = 7A7FF9F026519E9000099DD8 /* State-Driven-NavigationUITests.xctest */;
			productType = "com.apple.product-type.bundle.ui-testing";
		};
/* End PBXNativeTarget section */

/* Begin PBXProject section */
		7A7FF9CC26519E8900099DD8 /* Project object */ = {
			isa = PBXProject;
			attributes = {
				LastSwiftUpdateCheck = 1250;
				LastUpgradeCheck = 1250;
				TargetAttributes = {
					7A7FF9D326519E8900099DD8 = {
						CreatedOnToolsVersion = 12.5;
					};
					7A7FF9E426519E9000099DD8 = {
						CreatedOnToolsVersion = 12.5;
						TestTargetID = 7A7FF9D326519E8900099DD8;
					};
					7A7FF9EF26519E9000099DD8 = {
						CreatedOnToolsVersion = 12.5;
						TestTargetID = 7A7FF9D326519E8900099DD8;
					};
				};
			};
			buildConfigurationList = 7A7FF9CF26519E8900099DD8 /* Build configuration list for PBXProject "State-Driven-Navigation" */;
			compatibilityVersion = "Xcode 9.3";
			developmentRegion = en;
			hasScannedForEncodings = 0;
			knownRegions = (
				en,
				Base,
			);
			mainGroup = 7A7FF9CB26519E8900099DD8;
			productRefGroup = 7A7FF9D526519E8900099DD8 /* Products */;
			projectDirPath = "";
			projectRoot = "";
			targets = (
				7A7FF9D326519E8900099DD8 /* State-Driven-Navigation */,
				7A7FF9E426519E9000099DD8 /* State-Driven-NavigationTests */,
				7A7FF9EF26519E9000099DD8 /* State-Driven-NavigationUITests */,
			);
		};
/* End PBXProject section */

/* Begin PBXResourcesBuildPhase section */
		7A7FF9D226519E8900099DD8 /* Resources */ = {
			isa = PBXResourcesBuildPhase;
			buildActionMask = 2147483647;
			files = (
				7A7FF9DF26519E9000099DD8 /* Preview Assets.xcassets in Resources */,
				7A7FF9DC26519E9000099DD8 /* Assets.xcassets in Resources */,
			);
			runOnlyForDeploymentPostprocessing = 0;
		};
		7A7FF9E326519E9000099DD8 /* Resources */ = {
			isa = PBXResourcesBuildPhase;
			buildActionMask = 2147483647;
			files = (
			);
			runOnlyForDeploymentPostprocessing = 0;
		};
		7A7FF9EE26519E9000099DD8 /* Resources */ = {
			isa = PBXResourcesBuildPhase;
			buildActionMask = 2147483647;
			files = (
			);
			runOnlyForDeploymentPostprocessing = 0;
		};
/* End PBXResourcesBuildPhase section */

/* Begin PBXSourcesBuildPhase section */
		7A7FF9D026519E8900099DD8 /* Sources */ = {
			isa = PBXSourcesBuildPhase;
			buildActionMask = 2147483647;
			files = (
				7A7FFA0726519F4400099DD8 /* SecondTabView.swift in Sources */,
				7A7FF9DA26519E8900099DD8 /* ContentView.swift in Sources */,
				7A7FFA0526519F3B00099DD8 /* FirstTabView.swift in Sources */,
				7A7FFA0D2652423100099DD8 /* StateManager.swift in Sources */,
				7A7FF9D826519E8900099DD8 /* State_Driven_NavigationApp.swift in Sources */,
				7A7FFA0926519FD600099DD8 /* FirstTabDetailView.swift in Sources */,
				7A7FFA0B2651A0CF00099DD8 /* EmojiView.swift in Sources */,
			);
			runOnlyForDeploymentPostprocessing = 0;
		};
		7A7FF9E126519E9000099DD8 /* Sources */ = {
			isa = PBXSourcesBuildPhase;
			buildActionMask = 2147483647;
			files = (
				7A7FF9EA26519E9000099DD8 /* State_Driven_NavigationTests.swift in Sources */,
			);
			runOnlyForDeploymentPostprocessing = 0;
		};
		7A7FF9EC26519E9000099DD8 /* Sources */ = {
			isa = PBXSourcesBuildPhase;
			buildActionMask = 2147483647;
			files = (
				7A7FF9F526519E9000099DD8 /* State_Driven_NavigationUITests.swift in Sources */,
			);
			runOnlyForDeploymentPostprocessing = 0;
		};
/* End PBXSourcesBuildPhase section */

/* Begin PBXTargetDependency section */
		7A7FF9E726519E9000099DD8 /* PBXTargetDependency */ = {
			isa = PBXTargetDependency;
			target = 7A7FF9D326519E8900099DD8 /* State-Driven-Navigation */;
			targetProxy = 7A7FF9E626519E9000099DD8 /* PBXContainerItemProxy */;
		};
		7A7FF9F226519E9000099DD8 /* PBXTargetDependency */ = {
			isa = PBXTargetDependency;
			target = 7A7FF9D326519E8900099DD8 /* State-Driven-Navigation */;
			targetProxy = 7A7FF9F126519E9000099DD8 /* PBXContainerItemProxy */;
		};
/* End PBXTargetDependency section */

/* Begin XCBuildConfiguration section */
		7A7FF9F726519E9000099DD8 /* Debug */ = {
			isa = XCBuildConfiguration;
			buildSettings = {
				ALWAYS_SEARCH_USER_PATHS = NO;
				CLANG_ANALYZER_NONNULL = YES;
				CLANG_ANALYZER_NUMBER_OBJECT_CONVERSION = YES_AGGRESSIVE;
				CLANG_CXX_LANGUAGE_STANDARD = "gnu++14";
				CLANG_CXX_LIBRARY = "libc++";
				CLANG_ENABLE_MODULES = YES;
				CLANG_ENABLE_OBJC_ARC = YES;
				CLANG_ENABLE_OBJC_WEAK = YES;
				CLANG_WARN_BLOCK_CAPTURE_AUTORELEASING = YES;
				CLANG_WARN_BOOL_CONVERSION = YES;
				CLANG_WARN_COMMA = YES;
				CLANG_WARN_CONSTANT_CONVERSION = YES;
				CLANG_WARN_DEPRECATED_OBJC_IMPLEMENTATIONS = YES;
				CLANG_WARN_DIRECT_OBJC_ISA_USAGE = YES_ERROR;
				CLANG_WARN_DOCUMENTATION_COMMENTS = YES;
				CLANG_WARN_EMPTY_BODY = YES;
				CLANG_WARN_ENUM_CONVERSION = YES;
				CLANG_WARN_INFINITE_RECURSION = YES;
				CLANG_WARN_INT_CONVERSION = YES;
				CLANG_WARN_NON_LITERAL_NULL_CONVERSION = YES;
				CLANG_WARN_OBJC_IMPLICIT_RETAIN_SELF = YES;
				CLANG_WARN_OBJC_LITERAL_CONVERSION = YES;
				CLANG_WARN_OBJC_ROOT_CLASS = YES_ERROR;
				CLANG_WARN_QUOTED_INCLUDE_IN_FRAMEWORK_HEADER = YES;
				CLANG_WARN_RANGE_LOOP_ANALYSIS = YES;
				CLANG_WARN_STRICT_PROTOTYPES = YES;
				CLANG_WARN_SUSPICIOUS_MOVE = YES;
				CLANG_WARN_UNGUARDED_AVAILABILITY = YES_AGGRESSIVE;
				CLANG_WARN_UNREACHABLE_CODE = YES;
				CLANG_WARN__DUPLICATE_METHOD_MATCH = YES;
				COPY_PHASE_STRIP = NO;
				DEBUG_INFORMATION_FORMAT = dwarf;
				ENABLE_STRICT_OBJC_MSGSEND = YES;
				ENABLE_TESTABILITY = YES;
				GCC_C_LANGUAGE_STANDARD = gnu11;
				GCC_DYNAMIC_NO_PIC = NO;
				GCC_NO_COMMON_BLOCKS = YES;
				GCC_OPTIMIZATION_LEVEL = 0;
				GCC_PREPROCESSOR_DEFINITIONS = (
					"DEBUG=1",
					"$(inherited)",
				);
				GCC_WARN_64_TO_32_BIT_CONVERSION = YES;
				GCC_WARN_ABOUT_RETURN_TYPE = YES_ERROR;
				GCC_WARN_UNDECLARED_SELECTOR = YES;
				GCC_WARN_UNINITIALIZED_AUTOS = YES_AGGRESSIVE;
				GCC_WARN_UNUSED_FUNCTION = YES;
				GCC_WARN_UNUSED_VARIABLE = YES;
				IPHONEOS_DEPLOYMENT_TARGET = 14.5;
				MTL_ENABLE_DEBUG_INFO = INCLUDE_SOURCE;
				MTL_FAST_MATH = YES;
				ONLY_ACTIVE_ARCH = YES;
				SDKROOT = iphoneos;
				SWIFT_ACTIVE_COMPILATION_CONDITIONS = DEBUG;
				SWIFT_OPTIMIZATION_LEVEL = "-Onone";
			};
			name = Debug;
		};
		7A7FF9F826519E9000099DD8 /* Release */ = {
			isa = XCBuildConfiguration;
			buildSettings = {
				ALWAYS_SEARCH_USER_PATHS = NO;
				CLANG_ANALYZER_NONNULL = YES;
				CLANG_ANALYZER_NUMBER_OBJECT_CONVERSION = YES_AGGRESSIVE;
				CLANG_CXX_LANGUAGE_STANDARD = "gnu++14";
				CLANG_CXX_LIBRARY = "libc++";
				CLANG_ENABLE_MODULES = YES;
				CLANG_ENABLE_OBJC_ARC = YES;
				CLANG_ENABLE_OBJC_WEAK = YES;
				CLANG_WARN_BLOCK_CAPTURE_AUTORELEASING = YES;
				CLANG_WARN_BOOL_CONVERSION = YES;
				CLANG_WARN_COMMA = YES;
				CLANG_WARN_CONSTANT_CONVERSION = YES;
				CLANG_WARN_DEPRECATED_OBJC_IMPLEMENTATIONS = YES;
				CLANG_WARN_DIRECT_OBJC_ISA_USAGE = YES_ERROR;
				CLANG_WARN_DOCUMENTATION_COMMENTS = YES;
				CLANG_WARN_EMPTY_BODY = YES;
				CLANG_WARN_ENUM_CONVERSION = YES;
				CLANG_WARN_INFINITE_RECURSION = YES;
				CLANG_WARN_INT_CONVERSION = YES;
				CLANG_WARN_NON_LITERAL_NULL_CONVERSION = YES;
				CLANG_WARN_OBJC_IMPLICIT_RETAIN_SELF = YES;
				CLANG_WARN_OBJC_LITERAL_CONVERSION = YES;
				CLANG_WARN_OBJC_ROOT_CLASS = YES_ERROR;
				CLANG_WARN_QUOTED_INCLUDE_IN_FRAMEWORK_HEADER = YES;
				CLANG_WARN_RANGE_LOOP_ANALYSIS = YES;
				CLANG_WARN_STRICT_PROTOTYPES = YES;
				CLANG_WARN_SUSPICIOUS_MOVE = YES;
				CLANG_WARN_UNGUARDED_AVAILABILITY = YES_AGGRESSIVE;
				CLANG_WARN_UNREACHABLE_CODE = YES;
				CLANG_WARN__DUPLICATE_METHOD_MATCH = YES;
				COPY_PHASE_STRIP = NO;
				DEBUG_INFORMATION_FORMAT = "dwarf-with-dsym";
				ENABLE_NS_ASSERTIONS = NO;
				ENABLE_STRICT_OBJC_MSGSEND = YES;
				GCC_C_LANGUAGE_STANDARD = gnu11;
				GCC_NO_COMMON_BLOCKS = YES;
				GCC_WARN_64_TO_32_BIT_CONVERSION = YES;
				GCC_WARN_ABOUT_RETURN_TYPE = YES_ERROR;
				GCC_WARN_UNDECLARED_SELECTOR = YES;
				GCC_WARN_UNINITIALIZED_AUTOS = YES_AGGRESSIVE;
				GCC_WARN_UNUSED_FUNCTION = YES;
				GCC_WARN_UNUSED_VARIABLE = YES;
				IPHONEOS_DEPLOYMENT_TARGET = 14.5;
				MTL_ENABLE_DEBUG_INFO = NO;
				MTL_FAST_MATH = YES;
				SDKROOT = iphoneos;
				SWIFT_COMPILATION_MODE = wholemodule;
				SWIFT_OPTIMIZATION_LEVEL = "-O";
				VALIDATE_PRODUCT = YES;
			};
			name = Release;
		};
		7A7FF9FA26519E9000099DD8 /* Debug */ = {
			isa = XCBuildConfiguration;
			buildSettings = {
				ASSETCATALOG_COMPILER_APPICON_NAME = AppIcon;
				ASSETCATALOG_COMPILER_GLOBAL_ACCENT_COLOR_NAME = AccentColor;
				CODE_SIGN_STYLE = Automatic;
				DEVELOPMENT_ASSET_PATHS = "\"State-Driven-Navigation/Preview Content\"";
				DEVELOPMENT_TEAM = 7KN966P9LP;
				ENABLE_PREVIEWS = YES;
				INFOPLIST_FILE = "State-Driven-Navigation/Info.plist";
				IPHONEOS_DEPLOYMENT_TARGET = 14.0;
				LD_RUNPATH_SEARCH_PATHS = (
					"$(inherited)",
					"@executable_path/Frameworks",
				);
				PRODUCT_BUNDLE_IDENTIFIER = "com.lswarss.State-Driven-Navigation";
				PRODUCT_NAME = "$(TARGET_NAME)";
				SWIFT_VERSION = 5.0;
				TARGETED_DEVICE_FAMILY = "1,2";
			};
			name = Debug;
		};
		7A7FF9FB26519E9000099DD8 /* Release */ = {
			isa = XCBuildConfiguration;
			buildSettings = {
				ASSETCATALOG_COMPILER_APPICON_NAME = AppIcon;
				ASSETCATALOG_COMPILER_GLOBAL_ACCENT_COLOR_NAME = AccentColor;
				CODE_SIGN_STYLE = Automatic;
				DEVELOPMENT_ASSET_PATHS = "\"State-Driven-Navigation/Preview Content\"";
				DEVELOPMENT_TEAM = 7KN966P9LP;
				ENABLE_PREVIEWS = YES;
				INFOPLIST_FILE = "State-Driven-Navigation/Info.plist";
				IPHONEOS_DEPLOYMENT_TARGET = 14.0;
				LD_RUNPATH_SEARCH_PATHS = (
					"$(inherited)",
					"@executable_path/Frameworks",
				);
				PRODUCT_BUNDLE_IDENTIFIER = "com.lswarss.State-Driven-Navigation";
				PRODUCT_NAME = "$(TARGET_NAME)";
				SWIFT_VERSION = 5.0;
				TARGETED_DEVICE_FAMILY = "1,2";
			};
			name = Release;
		};
		7A7FF9FD26519E9000099DD8 /* Debug */ = {
			isa = XCBuildConfiguration;
			buildSettings = {
				ALWAYS_EMBED_SWIFT_STANDARD_LIBRARIES = YES;
				BUNDLE_LOADER = "$(TEST_HOST)";
				CODE_SIGN_STYLE = Automatic;
				DEVELOPMENT_TEAM = 7KN966P9LP;
				INFOPLIST_FILE = "State-Driven-NavigationTests/Info.plist";
				IPHONEOS_DEPLOYMENT_TARGET = 14.0;
				LD_RUNPATH_SEARCH_PATHS = (
					"$(inherited)",
					"@executable_path/Frameworks",
					"@loader_path/Frameworks",
				);
				PRODUCT_BUNDLE_IDENTIFIER = "com.lswarss.State-Driven-NavigationTests";
				PRODUCT_NAME = "$(TARGET_NAME)";
				SWIFT_VERSION = 5.0;
				TARGETED_DEVICE_FAMILY = "1,2";
				TEST_HOST = "$(BUILT_PRODUCTS_DIR)/State-Driven-Navigation.app/State-Driven-Navigation";
			};
			name = Debug;
		};
		7A7FF9FE26519E9000099DD8 /* Release */ = {
			isa = XCBuildConfiguration;
			buildSettings = {
				ALWAYS_EMBED_SWIFT_STANDARD_LIBRARIES = YES;
				BUNDLE_LOADER = "$(TEST_HOST)";
				CODE_SIGN_STYLE = Automatic;
				DEVELOPMENT_TEAM = 7KN966P9LP;
				INFOPLIST_FILE = "State-Driven-NavigationTests/Info.plist";
				IPHONEOS_DEPLOYMENT_TARGET = 14.0;
				LD_RUNPATH_SEARCH_PATHS = (
					"$(inherited)",
					"@executable_path/Frameworks",
					"@loader_path/Frameworks",
				);
				PRODUCT_BUNDLE_IDENTIFIER = "com.lswarss.State-Driven-NavigationTests";
				PRODUCT_NAME = "$(TARGET_NAME)";
				SWIFT_VERSION = 5.0;
				TARGETED_DEVICE_FAMILY = "1,2";
				TEST_HOST = "$(BUILT_PRODUCTS_DIR)/State-Driven-Navigation.app/State-Driven-Navigation";
			};
			name = Release;
		};
		7A7FFA0026519E9000099DD8 /* Debug */ = {
			isa = XCBuildConfiguration;
			buildSettings = {
				ALWAYS_EMBED_SWIFT_STANDARD_LIBRARIES = YES;
				CODE_SIGN_STYLE = Automatic;
				DEVELOPMENT_TEAM = 7KN966P9LP;
				INFOPLIST_FILE = "State-Driven-NavigationUITests/Info.plist";
				LD_RUNPATH_SEARCH_PATHS = (
					"$(inherited)",
					"@executable_path/Frameworks",
					"@loader_path/Frameworks",
				);
				PRODUCT_BUNDLE_IDENTIFIER = "com.lswarss.State-Driven-NavigationUITests";
				PRODUCT_NAME = "$(TARGET_NAME)";
				SWIFT_VERSION = 5.0;
				TARGETED_DEVICE_FAMILY = "1,2";
				TEST_TARGET_NAME = "State-Driven-Navigation";
			};
			name = Debug;
		};
		7A7FFA0126519E9000099DD8 /* Release */ = {
			isa = XCBuildConfiguration;
			buildSettings = {
				ALWAYS_EMBED_SWIFT_STANDARD_LIBRARIES = YES;
				CODE_SIGN_STYLE = Automatic;
				DEVELOPMENT_TEAM = 7KN966P9LP;
				INFOPLIST_FILE = "State-Driven-NavigationUITests/Info.plist";
				LD_RUNPATH_SEARCH_PATHS = (
					"$(inherited)",
					"@executable_path/Frameworks",
					"@loader_path/Frameworks",
				);
				PRODUCT_BUNDLE_IDENTIFIER = "com.lswarss.State-Driven-NavigationUITests";
				PRODUCT_NAME = "$(TARGET_NAME)";
				SWIFT_VERSION = 5.0;
				TARGETED_DEVICE_FAMILY = "1,2";
				TEST_TARGET_NAME = "State-Driven-Navigation";
			};
			name = Release;
		};
/* End XCBuildConfiguration section */

/* Begin XCConfigurationList section */
		7A7FF9CF26519E8900099DD8 /* Build configuration list for PBXProject "State-Driven-Navigation" */ = {
			isa = XCConfigurationList;
			buildConfigurations = (
				7A7FF9F726519E9000099DD8 /* Debug */,
				7A7FF9F826519E9000099DD8 /* Release */,
			);
			defaultConfigurationIsVisible = 0;
			defaultConfigurationName = Release;
		};
		7A7FF9F926519E9000099DD8 /* Build configuration list for PBXNativeTarget "State-Driven-Navigation" */ = {
			isa = XCConfigurationList;
			buildConfigurations = (
				7A7FF9FA26519E9000099DD8 /* Debug */,
				7A7FF9FB26519E9000099DD8 /* Release */,
			);
			defaultConfigurationIsVisible = 0;
			defaultConfigurationName = Release;
		};
		7A7FF9FC26519E9000099DD8 /* Build configuration list for PBXNativeTarget "State-Driven-NavigationTests" */ = {
			isa = XCConfigurationList;
			buildConfigurations = (
				7A7FF9FD26519E9000099DD8 /* Debug */,
				7A7FF9FE26519E9000099DD8 /* Release */,
			);
			defaultConfigurationIsVisible = 0;
			defaultConfigurationName = Release;
		};
		7A7FF9FF26519E9000099DD8 /* Build configuration list for PBXNativeTarget "State-Driven-NavigationUITests" */ = {
			isa = XCConfigurationList;
			buildConfigurations = (
				7A7FFA0026519E9000099DD8 /* Debug */,
				7A7FFA0126519E9000099DD8 /* Release */,
			);
			defaultConfigurationIsVisible = 0;
			defaultConfigurationName = Release;
		};
/* End XCConfigurationList section */
	};
	rootObject = 7A7FF9CC26519E8900099DD8 /* Project object */;
}
